
Microsoft Visual Studio Solution File, Format Version 12.00
# Visual Studio Version 16
VisualStudioVersion = 16.0.31702.278
MinimumVisualStudioVersion = 10.0.40219.1
Project("{FAE04EC0-301F-11D3-BF4B-00C04F79EFBC}") = "ConnectedNotesProject.API", "ConnectedNotesProject.API\ConnectedNotesProject.API.csproj", "{193E741D-D59E-4776-8AED-CC001354864B}"
EndProject
Project("{FAE04EC0-301F-11D3-BF4B-00C04F79EFBC}") = "ConnectedNotesProject.Entities", "ConnectedNotesProject.Entities\ConnectedNotesProject.Entities.csproj", "{EC6D1056-4CE6-4057-ADC0-278E7F32F8EA}"
EndProject
Project("{FAE04EC0-301F-11D3-BF4B-00C04F79EFBC}") = "ConnectedNotesProject.Bussiness", "ConnectedNotesProject.Bussiness\ConnectedNotesProject.Bussiness.csproj", "{D306F6A3-E5BA-4C13-A81D-FB42F5D7343E}"
EndProject
Global
	GlobalSection(SolutionConfigurationPlatforms) = preSolution
		Debug|Any CPU = Debug|Any CPU
		Release|Any CPU = Release|Any CPU
	EndGlobalSection
	GlobalSection(ProjectConfigurationPlatforms) = postSolution
		{193E741D-D59E-4776-8AED-CC001354864B}.Debug|Any CPU.ActiveCfg = Debug|Any CPU
		{193E741D-D59E-4776-8AED-CC001354864B}.Debug|Any CPU.Build.0 = Debug|Any CPU
		{193E741D-D59E-4776-8AED-CC001354864B}.Release|Any CPU.ActiveCfg = Release|Any CPU
		{193E741D-D59E-4776-8AED-CC001354864B}.Release|Any CPU.Build.0 = Release|Any CPU
		{EC6D1056-4CE6-4057-ADC0-278E7F32F8EA}.Debug|Any CPU.ActiveCfg = Debug|Any CPU
		{EC6D1056-4CE6-4057-ADC0-278E7F32F8EA}.Debug|Any CPU.Build.0 = Debug|Any CPU
		{EC6D1056-4CE6-4057-ADC0-278E7F32F8EA}.Release|Any CPU.ActiveCfg = Release|Any CPU
		{EC6D1056-4CE6-4057-ADC0-278E7F32F8EA}.Release|Any CPU.Build.0 = Release|Any CPU
		{D306F6A3-E5BA-4C13-A81D-FB42F5D7343E}.Debug|Any CPU.ActiveCfg = Debug|Any CPU
		{D306F6A3-E5BA-4C13-A81D-FB42F5D7343E}.Debug|Any CPU.Build.0 = Debug|Any CPU
		{D306F6A3-E5BA-4C13-A81D-FB42F5D7343E}.Release|Any CPU.ActiveCfg = Release|Any CPU
		{D306F6A3-E5BA-4C13-A81D-FB42F5D7343E}.Release|Any CPU.Build.0 = Release|Any CPU
	EndGlobalSection
	GlobalSection(SolutionProperties) = preSolution
		HideSolutionNode = FALSE
	EndGlobalSection
	GlobalSection(ExtensibilityGlobals) = postSolution
		SolutionGuid = {E8F83A49-C101-495F-B132-043214E61934}
	EndGlobalSection
EndGlobal
